{
  "name": "paint-github",
  "version": "0.1.0",
  "lockfileVersion": 1,
  "requires": true,
  "dependencies": {
    "changedpi": {
      "version": "1.0.4",
      "resolved": "https://registry.npmjs.org/changedpi/-/changedpi-1.0.4.tgz",
      "integrity": "sha512-9r6MNQrbg+cFURvEy10wo9Q35PD5GVj2GvXCbUYv8mU0Uf/NbkR7KlzMrjT4Ycd8a2nxApFJXQX2lTOPRFyG2g=="
    }
  }
}
