{
  "name": "paint-github",
  "version": "1.0.0",
  "lockfileVersion": 1,
  "requires": true,
  "dependencies": {
    "paint-canvas-element": {
      "version": "0.1.0",
      "resolved": "https://registry.npmjs.org/paint-canvas-element/-/paint-canvas-element-0.1.0.tgz",
      "integrity": "sha512-mdEspdJkrHnnZLfyML69QJ71iQeewg+UjR5rBDv4MoktMsyH6OVVUqeOi0tbXhyW5HJKwoRBx5RSIRiNJFuzzQ=="
    }
  }
}
